{
  "name": "codeklasse.de",
  "version": "1.0.0",
  "lockfileVersion": 2,
  "requires": true,
  "packages": {
    "": {
      "name": "codeklasse.de",
      "version": "1.0.0",
      "dependencies": {
        "@fortawesome/fontawesome-free": "^5.15.3",
        "bulma": "^0.9.3",
        "bulma-block-list": "^0.4.2"
      }
    },
    "node_modules/@fortawesome/fontawesome-free": {
      "version": "5.15.4",
      "resolved": "https://registry.npmjs.org/@fortawesome/fontawesome-free/-/fontawesome-free-5.15.4.tgz",
      "integrity": "sha512-eYm8vijH/hpzr/6/1CJ/V/Eb1xQFW2nnUKArb3z+yUWv7HTwj6M7SP957oMjfZjAHU6qpoNc2wQvIxBLWYa/Jg==",
      "hasInstallScript": true,
      "engines": {
        "node": ">=6"
      }
    },
    "node_modules/bulma": {
      "version": "0.9.3",
      "resolved": "https://registry.npmjs.org/bulma/-/bulma-0.9.3.tgz",
      "integrity": "sha512-0d7GNW1PY4ud8TWxdNcP6Cc8Bu7MxcntD/RRLGWuiw/s0a9P+XlH/6QoOIrmbj6o8WWJzJYhytiu9nFjTszk1g=="
    },
    "node_modules/bulma-block-list": {
      "version": "0.4.2",
      "resolved": "https://registry.npmjs.org/bulma-block-list/-/bulma-block-list-0.4.2.tgz",
      "integrity": "sha512-WxcGcxNFa6ZrF/CIR7uETLHJVwnFemKuTS5hI3CMn5hJ2PONp2WghldBGlINzxrj6jcf89cyE/YoEEtKUxYJcw==",
      "dependencies": {
        "bulma": "^0.8.0"
      }
    },
    "node_modules/bulma-block-list/node_modules/bulma": {
      "version": "0.8.2",
      "resolved": "https://registry.npmjs.org/bulma/-/bulma-0.8.2.tgz",
      "integrity": "sha512-vMM/ijYSxX+Sm+nD7Lmc1UgWDy2JcL2nTKqwgEqXuOMU+IGALbXd5MLt/BcjBAPLIx36TtzhzBcSnOP974gcqA=="
    }
  },
  "dependencies": {
    "@fortawesome/fontawesome-free": {
      "version": "5.15.4",
      "resolved": "https://registry.npmjs.org/@fortawesome/fontawesome-free/-/fontawesome-free-5.15.4.tgz",
      "integrity": "sha512-eYm8vijH/hpzr/6/1CJ/V/Eb1xQFW2nnUKArb3z+yUWv7HTwj6M7SP957oMjfZjAHU6qpoNc2wQvIxBLWYa/Jg=="
    },
    "bulma": {
      "version": "0.9.3",
      "resolved": "https://registry.npmjs.org/bulma/-/bulma-0.9.3.tgz",
      "integrity": "sha512-0d7GNW1PY4ud8TWxdNcP6Cc8Bu7MxcntD/RRLGWuiw/s0a9P+XlH/6QoOIrmbj6o8WWJzJYhytiu9nFjTszk1g=="
    },
    "bulma-block-list": {
      "version": "0.4.2",
      "resolved": "https://registry.npmjs.org/bulma-block-list/-/bulma-block-list-0.4.2.tgz",
      "integrity": "sha512-WxcGcxNFa6ZrF/CIR7uETLHJVwnFemKuTS5hI3CMn5hJ2PONp2WghldBGlINzxrj6jcf89cyE/YoEEtKUxYJcw==",
      "requires": {
        "bulma": "^0.8.0"
      },
      "dependencies": {
        "bulma": {
          "version": "0.8.2",
          "resolved": "https://registry.npmjs.org/bulma/-/bulma-0.8.2.tgz",
          "integrity": "sha512-vMM/ijYSxX+Sm+nD7Lmc1UgWDy2JcL2nTKqwgEqXuOMU+IGALbXd5MLt/BcjBAPLIx36TtzhzBcSnOP974gcqA=="
        }
      }
    }
  }
}
