{
  "name": "codeklasse.de",
  "version": "0.0.0",
  "lockfileVersion": 1,
  "requires": true,
  "dependencies": {
    "@fortawesome/fontawesome-free": {
      "version": "5.15.3",
      "resolved": "https://registry.npmjs.org/@fortawesome/fontawesome-free/-/fontawesome-free-5.15.3.tgz",
      "integrity": "sha512-rFnSUN/QOtnOAgqFRooTA3H57JLDm0QEG/jPdk+tLQNL/eWd+Aok8g3qCI+Q1xuDPWpGW/i9JySpJVsq8Q0s9w=="
    },
    "bulma": {
      "version": "0.9.2",
      "resolved": "https://registry.npmjs.org/bulma/-/bulma-0.9.2.tgz",
      "integrity": "sha512-e14EF+3VSZ488yL/lJH0tR8mFWiEQVCMi/BQUMi2TGMBOk+zrDg4wryuwm/+dRSHJw0gMawp2tsW7X1JYUCE3A=="
    },
    "bulma-block-list": {
      "version": "0.4.2",
      "resolved": "https://registry.npmjs.org/bulma-block-list/-/bulma-block-list-0.4.2.tgz",
      "integrity": "sha512-WxcGcxNFa6ZrF/CIR7uETLHJVwnFemKuTS5hI3CMn5hJ2PONp2WghldBGlINzxrj6jcf89cyE/YoEEtKUxYJcw==",
      "requires": {
        "bulma": "^0.8.0"
      },
      "dependencies": {
        "bulma": {
          "version": "0.8.2",
          "resolved": "https://registry.npmjs.org/bulma/-/bulma-0.8.2.tgz",
          "integrity": "sha512-vMM/ijYSxX+Sm+nD7Lmc1UgWDy2JcL2nTKqwgEqXuOMU+IGALbXd5MLt/BcjBAPLIx36TtzhzBcSnOP974gcqA=="
        }
      }
    }
  }
}
